
Microsoft Visual Studio Solution File, Format Version 12.00
# Visual Studio Version 16
VisualStudioVersion = 16.0.28803.202
MinimumVisualStudioVersion = 10.0.40219.1
Project("{FAE04EC0-301F-11D3-BF4B-00C04F79EFBC}") = "Mojave", "Mojave\Mojave.csproj", "{C9A343E8-1B02-4FFA-A46A-2D879824C3D4}"
EndProject
Global
	GlobalSection(SolutionConfigurationPlatforms) = preSolution
		Debug|Any CPU = Debug|Any CPU
		Release|Any CPU = Release|Any CPU
	EndGlobalSection
	GlobalSection(ProjectConfigurationPlatforms) = postSolution
		{C9A343E8-1B02-4FFA-A46A-2D879824C3D4}.Debug|Any CPU.ActiveCfg = Debug|Any CPU
		{C9A343E8-1B02-4FFA-A46A-2D879824C3D4}.Debug|Any CPU.Build.0 = Debug|Any CPU
		{C9A343E8-1B02-4FFA-A46A-2D879824C3D4}.Release|Any CPU.ActiveCfg = Release|Any CPU
		{C9A343E8-1B02-4FFA-A46A-2D879824C3D4}.Release|Any CPU.Build.0 = Release|Any CPU
	EndGlobalSection
	GlobalSection(SolutionProperties) = preSolution
		HideSolutionNode = FALSE
	EndGlobalSection
	GlobalSection(ExtensibilityGlobals) = postSolution
		SolutionGuid = {4F9A4935-F443-45DB-97A0-82D6EC6B0E36}
	EndGlobalSection
EndGlobal
